
Microsoft Visual Studio Solution File, Format Version 12.00
# Visual Studio 14
VisualStudioVersion = 14.0.25420.1
MinimumVisualStudioVersion = 10.0.40219.1
Project("{FAE04EC0-301F-11D3-BF4B-00C04F79EFBC}") = "WindowsIoT", "WindowsIoT\WindowsIoT.csproj", "{00720964-D382-4F05-9E74-8AB8C7AB9EFD}"
EndProject
Global
	GlobalSection(SolutionConfigurationPlatforms) = preSolution
		CD_ROM|ARM = CD_ROM|ARM
		CD_ROM|x64 = CD_ROM|x64
		CD_ROM|x86 = CD_ROM|x86
		Debug|ARM = Debug|ARM
		Debug|x64 = Debug|x64
		Debug|x86 = Debug|x86
		DVD-5|ARM = DVD-5|ARM
		DVD-5|x64 = DVD-5|x64
		DVD-5|x86 = DVD-5|x86
		Release|ARM = Release|ARM
		Release|x64 = Release|x64
		Release|x86 = Release|x86
		SingleImage|ARM = SingleImage|ARM
		SingleImage|x64 = SingleImage|x64
		SingleImage|x86 = SingleImage|x86
	EndGlobalSection
	GlobalSection(ProjectConfigurationPlatforms) = postSolution
		{00720964-D382-4F05-9E74-8AB8C7AB9EFD}.CD_ROM|ARM.ActiveCfg = Release|ARM
		{00720964-D382-4F05-9E74-8AB8C7AB9EFD}.CD_ROM|ARM.Build.0 = Release|ARM
		{00720964-D382-4F05-9E74-8AB8C7AB9EFD}.CD_ROM|ARM.Deploy.0 = Release|ARM
		{00720964-D382-4F05-9E74-8AB8C7AB9EFD}.CD_ROM|x64.ActiveCfg = Release|x64
		{00720964-D382-4F05-9E74-8AB8C7AB9EFD}.CD_ROM|x64.Build.0 = Release|x64
		{00720964-D382-4F05-9E74-8AB8C7AB9EFD}.CD_ROM|x64.Deploy.0 = Release|x64
		{00720964-D382-4F05-9E74-8AB8C7AB9EFD}.CD_ROM|x86.ActiveCfg = Release|x86
		{00720964-D382-4F05-9E74-8AB8C7AB9EFD}.CD_ROM|x86.Build.0 = Release|x86
		{00720964-D382-4F05-9E74-8AB8C7AB9EFD}.CD_ROM|x86.Deploy.0 = Release|x86
		{00720964-D382-4F05-9E74-8AB8C7AB9EFD}.Debug|ARM.ActiveCfg = Debug|ARM
		{00720964-D382-4F05-9E74-8AB8C7AB9EFD}.Debug|ARM.Build.0 = Debug|ARM
		{00720964-D382-4F05-9E74-8AB8C7AB9EFD}.Debug|ARM.Deploy.0 = Debug|ARM
		{00720964-D382-4F05-9E74-8AB8C7AB9EFD}.Debug|x64.ActiveCfg = Debug|x64
		{00720964-D382-4F05-9E74-8AB8C7AB9EFD}.Debug|x64.Build.0 = Debug|x64
		{00720964-D382-4F05-9E74-8AB8C7AB9EFD}.Debug|x64.Deploy.0 = Debug|x64
		{00720964-D382-4F05-9E74-8AB8C7AB9EFD}.Debug|x86.ActiveCfg = Debug|x86
		{00720964-D382-4F05-9E74-8AB8C7AB9EFD}.Debug|x86.Build.0 = Debug|x86
		{00720964-D382-4F05-9E74-8AB8C7AB9EFD}.Debug|x86.Deploy.0 = Debug|x86
		{00720964-D382-4F05-9E74-8AB8C7AB9EFD}.DVD-5|ARM.ActiveCfg = Debug|ARM
		{00720964-D382-4F05-9E74-8AB8C7AB9EFD}.DVD-5|ARM.Build.0 = Debug|ARM
		{00720964-D382-4F05-9E74-8AB8C7AB9EFD}.DVD-5|ARM.Deploy.0 = Debug|ARM
		{00720964-D382-4F05-9E74-8AB8C7AB9EFD}.DVD-5|x64.ActiveCfg = Debug|x64
		{00720964-D382-4F05-9E74-8AB8C7AB9EFD}.DVD-5|x64.Build.0 = Debug|x64
		{00720964-D382-4F05-9E74-8AB8C7AB9EFD}.DVD-5|x64.Deploy.0 = Debug|x64
		{00720964-D382-4F05-9E74-8AB8C7AB9EFD}.DVD-5|x86.ActiveCfg = Debug|x86
		{00720964-D382-4F05-9E74-8AB8C7AB9EFD}.DVD-5|x86.Build.0 = Debug|x86
		{00720964-D382-4F05-9E74-8AB8C7AB9EFD}.DVD-5|x86.Deploy.0 = Debug|x86
		{00720964-D382-4F05-9E74-8AB8C7AB9EFD}.Release|ARM.ActiveCfg = Release|ARM
		{00720964-D382-4F05-9E74-8AB8C7AB9EFD}.Release|ARM.Build.0 = Release|ARM
		{00720964-D382-4F05-9E74-8AB8C7AB9EFD}.Release|ARM.Deploy.0 = Release|ARM
		{00720964-D382-4F05-9E74-8AB8C7AB9EFD}.Release|x64.ActiveCfg = Release|x64
		{00720964-D382-4F05-9E74-8AB8C7AB9EFD}.Release|x64.Build.0 = Release|x64
		{00720964-D382-4F05-9E74-8AB8C7AB9EFD}.Release|x64.Deploy.0 = Release|x64
		{00720964-D382-4F05-9E74-8AB8C7AB9EFD}.Release|x86.ActiveCfg = Release|x86
		{00720964-D382-4F05-9E74-8AB8C7AB9EFD}.Release|x86.Build.0 = Release|x86
		{00720964-D382-4F05-9E74-8AB8C7AB9EFD}.Release|x86.Deploy.0 = Release|x86
		{00720964-D382-4F05-9E74-8AB8C7AB9EFD}.SingleImage|ARM.ActiveCfg = Release|ARM
		{00720964-D382-4F05-9E74-8AB8C7AB9EFD}.SingleImage|ARM.Build.0 = Release|ARM
		{00720964-D382-4F05-9E74-8AB8C7AB9EFD}.SingleImage|ARM.Deploy.0 = Release|ARM
		{00720964-D382-4F05-9E74-8AB8C7AB9EFD}.SingleImage|x64.ActiveCfg = Release|x64
		{00720964-D382-4F05-9E74-8AB8C7AB9EFD}.SingleImage|x64.Build.0 = Release|x64
		{00720964-D382-4F05-9E74-8AB8C7AB9EFD}.SingleImage|x64.Deploy.0 = Release|x64
		{00720964-D382-4F05-9E74-8AB8C7AB9EFD}.SingleImage|x86.ActiveCfg = Release|x86
		{00720964-D382-4F05-9E74-8AB8C7AB9EFD}.SingleImage|x86.Build.0 = Release|x86
		{00720964-D382-4F05-9E74-8AB8C7AB9EFD}.SingleImage|x86.Deploy.0 = Release|x86
	EndGlobalSection
	GlobalSection(SolutionProperties) = preSolution
		HideSolutionNode = FALSE
	EndGlobalSection
EndGlobal
